
Microsoft Visual Studio Solution File, Format Version 12.00
# Visual Studio Version 16
VisualStudioVersion = 16.0.29926.136
MinimumVisualStudioVersion = 10.0.40219.1
Project("{FAE04EC0-301F-11D3-BF4B-00C04F79EFBC}") = "SalesWebMvc", "SalesWebMvc.csproj", "{475988D4-893C-4699-8CE3-589864DEEAEC}"
EndProject
Global
	GlobalSection(SolutionConfigurationPlatforms) = preSolution
		Debug|Any CPU = Debug|Any CPU
		Release|Any CPU = Release|Any CPU
	EndGlobalSection
	GlobalSection(ProjectConfigurationPlatforms) = postSolution
		{475988D4-893C-4699-8CE3-589864DEEAEC}.Debug|Any CPU.ActiveCfg = Debug|Any CPU
		{475988D4-893C-4699-8CE3-589864DEEAEC}.Debug|Any CPU.Build.0 = Debug|Any CPU
		{475988D4-893C-4699-8CE3-589864DEEAEC}.Release|Any CPU.ActiveCfg = Release|Any CPU
		{475988D4-893C-4699-8CE3-589864DEEAEC}.Release|Any CPU.Build.0 = Release|Any CPU
	EndGlobalSection
	GlobalSection(SolutionProperties) = preSolution
		HideSolutionNode = FALSE
	EndGlobalSection
	GlobalSection(ExtensibilityGlobals) = postSolution
		SolutionGuid = {2F7F33E0-13CC-43FF-8EFA-D93B269FB204}
	EndGlobalSection
EndGlobal
